// !$*UTF8*$!
{
	archiveVersion = 1;
	classes = {
	};
	objectVersion = 46;
	objects = {

/* Begin PBXBuildFile section */
		2E0FBA751BD3EEC100A3B7CE /* main.m in Sources */ = {isa = PBXBuildFile; fileRef = 2E0FBA741BD3EEC100A3B7CE /* main.m */; };
		2E0FBA781BD3EEC100A3B7CE /* AppDelegate.m in Sources */ = {isa = PBXBuildFile; fileRef = 2E0FBA771BD3EEC100A3B7CE /* AppDelegate.m */; };
		2E0FBA7B1BD3EEC100A3B7CE /* ViewController.m in Sources */ = {isa = PBXBuildFile; fileRef = 2E0FBA7A1BD3EEC100A3B7CE /* ViewController.m */; };
		2E0FBA801BD3EEC100A3B7CE /* Assets.xcassets in Resources */ = {isa = PBXBuildFile; fileRef = 2E0FBA7F1BD3EEC100A3B7CE /* Assets.xcassets */; };
		2E0FBA831BD3EEC100A3B7CE /* LaunchScreen.storyboard in Resources */ = {isa = PBXBuildFile; fileRef = 2E0FBA811BD3EEC100A3B7CE /* LaunchScreen.storyboard */; };
/* End PBXBuildFile section */

/* Begin PBXFileReference section */
		2E0FBA701BD3EEC100A3B7CE /* UICollectionViewTest.app */ = {isa = PBXFileReference; explicitFileType = wrapper.application; includeInIndex = 0; path = UICollectionViewTest.app; sourceTree = BUILT_PRODUCTS_DIR; };
		2E0FBA741BD3EEC100A3B7CE /* main.m */ = {isa = PBXFileReference; lastKnownFileType = sourcecode.c.objc; path = main.m; sourceTree = "<group>"; };
		2E0FBA761BD3EEC100A3B7CE /* AppDelegate.h */ = {isa = PBXFileReference; lastKnownFileType = sourcecode.c.h; path = AppDelegate.h; sourceTree = "<group>"; };
		2E0FBA771BD3EEC100A3B7CE /* AppDelegate.m */ = {isa = PBXFileReference; lastKnownFileType = sourcecode.c.objc; path = AppDelegate.m; sourceTree = "<group>"; };
		2E0FBA791BD3EEC100A3B7CE /* ViewController.h */ = {isa = PBXFileReference; lastKnownFileType = sourcecode.c.h; path = ViewController.h; sourceTree = "<group>"; };
		2E0FBA7A1BD3EEC100A3B7CE /* ViewController.m */ = {isa = PBXFileReference; lastKnownFileType = sourcecode.c.objc; path = ViewController.m; sourceTree = "<group>"; };
		2E0FBA7F1BD3EEC100A3B7CE /* Assets.xcassets */ = {isa = PBXFileReference; lastKnownFileType = folder.assetcatalog; path = Assets.xcassets; sourceTree = "<group>"; };
		2E0FBA821BD3EEC100A3B7CE /* Base */ = {isa = PBXFileReference; lastKnownFileType = file.storyboard; name = Base; path = Base.lproj/LaunchScreen.storyboard; sourceTree = "<group>"; };
		2E0FBA841BD3EEC100A3B7CE /* Info.plist */ = {isa = PBXFileReference; lastKnownFileType = text.plist.xml; path = Info.plist; sourceTree = "<group>"; };
/* End PBXFileReference section */

/* Begin PBXFrameworksBuildPhase section */
		2E0FBA6D1BD3EEC100A3B7CE /* Frameworks */ = {
			isa = PBXFrameworksBuildPhase;
			buildActionMask = 2147483647;
			files = (
			);
			runOnlyForDeploymentPostprocessing = 0;
		};
/* End PBXFrameworksBuildPhase section */

/* Begin PBXGroup section */
		2E0FBA671BD3EEC100A3B7CE = {
			isa = PBXGroup;
			children = (
				2E0FBA721BD3EEC100A3B7CE /* UICollectionViewTest */,
				2E0FBA711BD3EEC100A3B7CE /* Products */,
			);
			sourceTree = "<group>";
		};
		2E0FBA711BD3EEC100A3B7CE /* Products */ = {
			isa = PBXGroup;
			children = (
				2E0FBA701BD3EEC100A3B7CE /* UICollectionViewTest.app */,
			);
			name = Products;
			sourceTree = "<group>";
		};
		2E0FBA721BD3EEC100A3B7CE /* UICollectionViewTest */ = {
			isa = PBXGroup;
			children = (
				2E0FBA761BD3EEC100A3B7CE /* AppDelegate.h */,
				2E0FBA771BD3EEC100A3B7CE /* AppDelegate.m */,
				2E0FBA791BD3EEC100A3B7CE /* ViewController.h */,
				2E0FBA7A1BD3EEC100A3B7CE /* ViewController.m */,
				2E0FBA7F1BD3EEC100A3B7CE /* Assets.xcassets */,
				2E0FBA811BD3EEC100A3B7CE /* LaunchScreen.storyboard */,
				2E0FBA841BD3EEC100A3B7CE /* Info.plist */,
				2E0FBA731BD3EEC100A3B7CE /* Supporting Files */,
			);
			path = UICollectionViewTest;
			sourceTree = "<group>";
		};
		2E0FBA731BD3EEC100A3B7CE /* Supporting Files */ = {
			isa = PBXGroup;
			children = (
				2E0FBA741BD3EEC100A3B7CE /* main.m */,
			);
			name = "Supporting Files";
			sourceTree = "<group>";
		};
/* End PBXGroup section */

/* Begin PBXNativeTarget section */
		2E0FBA6F1BD3EEC100A3B7CE /* UICollectionViewTest */ = {
			isa = PBXNativeTarget;
			buildConfigurationList = 2E0FBA871BD3EEC100A3B7CE /* Build configuration list for PBXNativeTarget "UICollectionViewTest" */;
			buildPhases = (
				2E0FBA6C1BD3EEC100A3B7CE /* Sources */,
				2E0FBA6D1BD3EEC100A3B7CE /* Frameworks */,
				2E0FBA6E1BD3EEC100A3B7CE /* Resources */,
			);
			buildRules = (
			);
			dependencies = (
			);
			name = UICollectionViewTest;
			productName = UICollectionViewTest;
			productReference = 2E0FBA701BD3EEC100A3B7CE /* UICollectionViewTest.app */;
			productType = "com.apple.product-type.application";
		};
/* End PBXNativeTarget section */

/* Begin PBXProject section */
		2E0FBA681BD3EEC100A3B7CE /* Project object */ = {
			isa = PBXProject;
			attributes = {
				LastUpgradeCheck = 0700;
				ORGANIZATIONNAME = "Chase McCoy";
				TargetAttributes = {
					2E0FBA6F1BD3EEC100A3B7CE = {
						CreatedOnToolsVersion = 7.0.1;
					};
				};
			};
			buildConfigurationList = 2E0FBA6B1BD3EEC100A3B7CE /* Build configuration list for PBXProject "UICollectionViewTest" */;
			compatibilityVersion = "Xcode 3.2";
			developmentRegion = English;
			hasScannedForEncodings = 0;
			knownRegions = (
				en,
				Base,
			);
			mainGroup = 2E0FBA671BD3EEC100A3B7CE;
			productRefGroup = 2E0FBA711BD3EEC100A3B7CE /* Products */;
			projectDirPath = "";
			projectRoot = "";
			targets = (
				2E0FBA6F1BD3EEC100A3B7CE /* UICollectionViewTest */,
			);
		};
/* End PBXProject section */

/* Begin PBXResourcesBuildPhase section */
		2E0FBA6E1BD3EEC100A3B7CE /* Resources */ = {
			isa = PBXResourcesBuildPhase;
			buildActionMask = 2147483647;
			files = (
				2E0FBA831BD3EEC100A3B7CE /* LaunchScreen.storyboard in Resources */,
				2E0FBA801BD3EEC100A3B7CE /* Assets.xcassets in Resources */,
			);
			runOnlyForDeploymentPostprocessing = 0;
		};
/* End PBXResourcesBuildPhase section */

/* Begin PBXSourcesBuildPhase section */
		2E0FBA6C1BD3EEC100A3B7CE /* Sources */ = {
			isa = PBXSourcesBuildPhase;
			buildActionMask = 2147483647;
			files = (
				2E0FBA7B1BD3EEC100A3B7CE /* ViewController.m in Sources */,
				2E0FBA781BD3EEC100A3B7CE /* AppDelegate.m in Sources */,
				2E0FBA751BD3EEC100A3B7CE /* main.m in Sources */,
			);
			runOnlyForDeploymentPostprocessing = 0;
		};
/* End PBXSourcesBuildPhase section */

/* Begin PBXVariantGroup section */
		2E0FBA811BD3EEC100A3B7CE /* LaunchScreen.storyboard */ = {
			isa = PBXVariantGroup;
			children = (
				2E0FBA821BD3EEC100A3B7CE /* Base */,
			);
			name = LaunchScreen.storyboard;
			sourceTree = "<group>";
		};
/* End PBXVariantGroup section */

/* Begin XCBuildConfiguration section */
		2E0FBA851BD3EEC100A3B7CE /* Debug */ = {
			isa = XCBuildConfiguration;
			buildSettings = {
				ALWAYS_SEARCH_USER_PATHS = NO;
				CLANG_CXX_LANGUAGE_STANDARD = "gnu++0x";
				CLANG_CXX_LIBRARY = "libc++";
				CLANG_ENABLE_MODULES = YES;
				CLANG_ENABLE_OBJC_ARC = YES;
				CLANG_WARN_BOOL_CONVERSION = YES;
				CLANG_WARN_CONSTANT_CONVERSION = YES;
				CLANG_WARN_DIRECT_OBJC_ISA_USAGE = YES_ERROR;
				CLANG_WARN_EMPTY_BODY = YES;
				CLANG_WARN_ENUM_CONVERSION = YES;
				CLANG_WARN_INT_CONVERSION = YES;
				CLANG_WARN_OBJC_ROOT_CLASS = YES_ERROR;
				CLANG_WARN_UNREACHABLE_CODE = YES;
				CLANG_WARN__DUPLICATE_METHOD_MATCH = YES;
				"CODE_SIGN_IDENTITY[sdk=iphoneos*]" = "iPhone Developer";
				COPY_PHASE_STRIP = NO;
				DEBUG_INFORMATION_FORMAT = dwarf;
				ENABLE_STRICT_OBJC_MSGSEND = YES;
				ENABLE_TESTABILITY = YES;
				GCC_C_LANGUAGE_STANDARD = gnu99;
				GCC_DYNAMIC_NO_PIC = NO;
				GCC_NO_COMMON_BLOCKS = YES;
				GCC_OPTIMIZATION_LEVEL = 0;
				GCC_PREPROCESSOR_DEFINITIONS = (
					"DEBUG=1",
					"$(inherited)",
				);
				GCC_WARN_64_TO_32_BIT_CONVERSION = YES;
				GCC_WARN_ABOUT_RETURN_TYPE = YES_ERROR;
				GCC_WARN_UNDECLARED_SELECTOR = YES;
				GCC_WARN_UNINITIALIZED_AUTOS = YES_AGGRESSIVE;
				GCC_WARN_UNUSED_FUNCTION = YES;
				GCC_WARN_UNUSED_VARIABLE = YES;
				IPHONEOS_DEPLOYMENT_TARGET = 9.0;
				MTL_ENABLE_DEBUG_INFO = YES;
				ONLY_ACTIVE_ARCH = YES;
				SDKROOT = iphoneos;
				TARGETED_DEVICE_FAMILY = "1,2";
			};
			name = Debug;
		};
		2E0FBA861BD3EEC100A3B7CE /* Release */ = {
			isa = XCBuildConfiguration;
			buildSettings = {
				ALWAYS_SEARCH_USER_PATHS = NO;
				CLANG_CXX_LANGUAGE_STANDARD = "gnu++0x";
				CLANG_CXX_LIBRARY = "libc++";
				CLANG_ENABLE_MODULES = YES;
				CLANG_ENABLE_OBJC_ARC = YES;
				CLANG_WARN_BOOL_CONVERSION = YES;
				CLANG_WARN_CONSTANT_CONVERSION = YES;
				CLANG_WARN_DIRECT_OBJC_ISA_USAGE = YES_ERROR;
				CLANG_WARN_EMPTY_BODY = YES;
				CLANG_WARN_ENUM_CONVERSION = YES;
				CLANG_WARN_INT_CONVERSION = YES;
				CLANG_WARN_OBJC_ROOT_CLASS = YES_ERROR;
				CLANG_WARN_UNREACHABLE_CODE = YES;
				CLANG_WARN__DUPLICATE_METHOD_MATCH = YES;
				"CODE_SIGN_IDENTITY[sdk=iphoneos*]" = "iPhone Developer";
				COPY_PHASE_STRIP = NO;
				DEBUG_INFORMATION_FORMAT = "dwarf-with-dsym";
				ENABLE_NS_ASSERTIONS = NO;
				ENABLE_STRICT_OBJC_MSGSEND = YES;
				GCC_C_LANGUAGE_STANDARD = gnu99;
				GCC_NO_COMMON_BLOCKS = YES;
				GCC_WARN_64_TO_32_BIT_CONVERSION = YES;
				GCC_WARN_ABOUT_RETURN_TYPE = YES_ERROR;
				GCC_WARN_UNDECLARED_SELECTOR = YES;
				GCC_WARN_UNINITIALIZED_AUTOS = YES_AGGRESSIVE;
				GCC_WARN_UNUSED_FUNCTION = YES;
				GCC_WARN_UNUSED_VARIABLE = YES;
				IPHONEOS_DEPLOYMENT_TARGET = 9.0;
				MTL_ENABLE_DEBUG_INFO = NO;
				SDKROOT = iphoneos;
				TARGETED_DEVICE_FAMILY = "1,2";
				VALIDATE_PRODUCT = YES;
			};
			name = Release;
		};
		2E0FBA881BD3EEC100A3B7CE /* Debug */ = {
			isa = XCBuildConfiguration;
			buildSettings = {
				ASSETCATALOG_COMPILER_APPICON_NAME = AppIcon;
				INFOPLIST_FILE = UICollectionViewTest/Info.plist;
				LD_RUNPATH_SEARCH_PATHS = "$(inherited) @executable_path/Frameworks";
				PRODUCT_BUNDLE_IDENTIFIER = chasemccoy.UICollectionViewTest;
				PRODUCT_NAME = "$(TARGET_NAME)";
			};
			name = Debug;
		};
		2E0FBA891BD3EEC100A3B7CE /* Release */ = {
			isa = XCBuildConfiguration;
			buildSettings = {
				ASSETCATALOG_COMPILER_APPICON_NAME = AppIcon;
				INFOPLIST_FILE = UICollectionViewTest/Info.plist;
				LD_RUNPATH_SEARCH_PATHS = "$(inherited) @executable_path/Frameworks";
				PRODUCT_BUNDLE_IDENTIFIER = chasemccoy.UICollectionViewTest;
				PRODUCT_NAME = "$(TARGET_NAME)";
			};
			name = Release;
		};
/* End XCBuildConfiguration section */

/* Begin XCConfigurationList section */
		2E0FBA6B1BD3EEC100A3B7CE /* Build configuration list for PBXProject "UICollectionViewTest" */ = {
			isa = XCConfigurationList;
			buildConfigurations = (
				2E0FBA851BD3EEC100A3B7CE /* Debug */,
				2E0FBA861BD3EEC100A3B7CE /* Release */,
			);
			defaultConfigurationIsVisible = 0;
			defaultConfigurationName = Release;
		};
		2E0FBA871BD3EEC100A3B7CE /* Build configuration list for PBXNativeTarget "UICollectionViewTest" */ = {
			isa = XCConfigurationList;
			buildConfigurations = (
				2E0FBA881BD3EEC100A3B7CE /* Debug */,
				2E0FBA891BD3EEC100A3B7CE /* Release */,
			);
			defaultConfigurationIsVisible = 0;
		};
/* End XCConfigurationList section */
	};
	rootObject = 2E0FBA681BD3EEC100A3B7CE /* Project object */;
}
